
Microsoft Visual Studio Solution File, Format Version 12.00
# Visual Studio 15
VisualStudioVersion = 15.0.27130.2027
MinimumVisualStudioVersion = 10.0.40219.1
Project("{FAE04EC0-301F-11D3-BF4B-00C04F79EFBC}") = "TP l'éritage", "TP l'éritage\TP l'éritage.csproj", "{30DC2F14-8705-4ED9-84C5-BFCF9FDAC8DA}"
EndProject
Global
	GlobalSection(SolutionConfigurationPlatforms) = preSolution
		Debug|Any CPU = Debug|Any CPU
		Release|Any CPU = Release|Any CPU
	EndGlobalSection
	GlobalSection(ProjectConfigurationPlatforms) = postSolution
		{30DC2F14-8705-4ED9-84C5-BFCF9FDAC8DA}.Debug|Any CPU.ActiveCfg = Debug|Any CPU
		{30DC2F14-8705-4ED9-84C5-BFCF9FDAC8DA}.Debug|Any CPU.Build.0 = Debug|Any CPU
		{30DC2F14-8705-4ED9-84C5-BFCF9FDAC8DA}.Release|Any CPU.ActiveCfg = Release|Any CPU
		{30DC2F14-8705-4ED9-84C5-BFCF9FDAC8DA}.Release|Any CPU.Build.0 = Release|Any CPU
	EndGlobalSection
	GlobalSection(SolutionProperties) = preSolution
		HideSolutionNode = FALSE
	EndGlobalSection
	GlobalSection(ExtensibilityGlobals) = postSolution
		SolutionGuid = {5FDF125E-43F0-468D-8F8C-15BE937C6762}
	EndGlobalSection
EndGlobal
