
Microsoft Visual Studio Solution File, Format Version 12.00
# Visual Studio 15
VisualStudioVersion = 15.0.27130.2027
MinimumVisualStudioVersion = 10.0.40219.1
Project("{FAE04EC0-301F-11D3-BF4B-00C04F79EFBC}") = "new", "new\new.csproj", "{412055D8-0B8A-4E98-AC82-5D2C4F3466B9}"
EndProject
Global
	GlobalSection(SolutionConfigurationPlatforms) = preSolution
		Debug|Any CPU = Debug|Any CPU
		Release|Any CPU = Release|Any CPU
	EndGlobalSection
	GlobalSection(ProjectConfigurationPlatforms) = postSolution
		{412055D8-0B8A-4E98-AC82-5D2C4F3466B9}.Debug|Any CPU.ActiveCfg = Debug|Any CPU
		{412055D8-0B8A-4E98-AC82-5D2C4F3466B9}.Debug|Any CPU.Build.0 = Debug|Any CPU
		{412055D8-0B8A-4E98-AC82-5D2C4F3466B9}.Release|Any CPU.ActiveCfg = Release|Any CPU
		{412055D8-0B8A-4E98-AC82-5D2C4F3466B9}.Release|Any CPU.Build.0 = Release|Any CPU
	EndGlobalSection
	GlobalSection(SolutionProperties) = preSolution
		HideSolutionNode = FALSE
	EndGlobalSection
	GlobalSection(ExtensibilityGlobals) = postSolution
		SolutionGuid = {74B4E938-3FEF-4D85-B9E6-AC50E22B7509}
	EndGlobalSection
EndGlobal
